PODS:
  - dropdown_pro (0.0.1):
    - Flutter
  - Flutter (1.0.0)

DEPENDENCIES:
  - dropdown_pro (from `.symlinks/plugins/dropdown_pro/ios`)
  - Flutter (from `Flutter`)

EXTERNAL SOURCES:
  dropdown_pro:
    :path: ".symlinks/plugins/dropdown_pro/ios"
  Flutter:
    :path: Flutter

SPEC CHECKSUMS:
  dropdown_pro: d35da13106fd835aee022038c1637b6b379982f4
  Flutter: 50d75fe2f02b26cc09d224853bb45737f8b3214a

PODFILE CHECKSUM: aafe91acc616949ddb318b77800a7f51bffa2a4c

COCOAPODS: 1.11.3
